# This file is autogenerated, do not edit; changes may be undone by the next 'dep ensure'.


[[projects]]
  name = "github.com/asaskevich/govalidator"
  packages = ["."]
  revision = "ccb8e960c48f04d6935e72476ae4a51028f9e22f"
  version = "v9"

[[projects]]
  name = "github.com/go-ozzo/ozzo-validation"
  packages = [".","is"]
  revision = "199b55b36bc1af151e6eea487cc92ffa5b460b81"
  version = "v3.6.0"

[[projects]]
  name = "github.com/go-sql-driver/mysql"
  packages = ["."]
  revision = "72cd26f257d44c1114970e19afddcd812016007e"
  version = "v1.4.1"

[[projects]]
  name = "github.com/gorilla/mux"
  packages = ["."]
  revision = "00bdffe0f3c77e27d2cf6f5c70232a2d3e4d9c15"
  version = "v1.7.3"

[[projects]]
  name = "github.com/jinzhu/gorm"
  packages = [".","dialects/mysql"]
  revision = "836fb2c19d84dac7b0272958dfb9af7cf0d0ade4"
  version = "v1.9.10"

[[projects]]
  name = "github.com/jinzhu/inflection"
  packages = ["."]
  revision = "f5c5f50e6090ae76a29240b61ae2a90dd810112e"
  version = "v1.0.0"

[[projects]]
  name = "github.com/joho/godotenv"
  packages = ["."]
  revision = "23d116af351c84513e1946b527c88823e476be13"
  version = "v1.3.0"

[[projects]]
  name = "github.com/twinj/uuid"
  packages = ["."]
  revision = "835a10bbd6bce40820349a68b1368a62c3c5617c"
  version = "v1.0.0"

[[projects]]
  name = "google.golang.org/appengine"
  packages = ["cloudsql"]
  revision = "5f2a59506353b8d5ba8cbbcd9f3c1f41f1eaf079"
  version = "v1.6.2"

[solve-meta]
  analyzer-name = "dep"
  analyzer-version = 1
  inputs-digest = "234d0319cbc18883af43a96632ba60a0da9a595c6ee15515a6c5245b6afb9c6d"
  solver-name = "gps-cdcl"
  solver-version = 1
